# THIS IS AN AUTOGENERATED FILE. DO NOT EDIT THIS FILE DIRECTLY.
# yarn lockfile v1


babel-runtime@^6.3.19, babel-runtime@~6.3.19:
  version "6.3.19"
  resolved "https://registry.yarnpkg.com/babel-runtime/-/babel-runtime-6.3.19.tgz#f2db696c3c8c379881e2a53665e02187074dc681"
  dependencies:
    core-js "^1.2.0"

contentful-sdk-core@~2.5.0:
  version "2.5.0"
  resolved "https://registry.yarnpkg.com/contentful-sdk-core/-/contentful-sdk-core-2.5.0.tgz#e1cad6b7660654bb1095b385fd5abc225199273f"
  dependencies:
    babel-runtime "^6.3.19"
    follow-redirects "0.0.7"
    lodash "^4.2.0"
    qs "^6.1.0"

contentful@^3.8.1:
  version "3.8.1"
  resolved "https://registry.yarnpkg.com/contentful/-/contentful-3.8.1.tgz#ba532c0032a165c22a251ce964a7f39d4011c21b"
  dependencies:
    babel-runtime "~6.3.19"
    contentful-sdk-core "~2.5.0"
    json-stringify-safe "~5.0.1"
    lodash "~4.2.0"

core-js@^1.2.0:
  version "1.2.7"
  resolved "https://registry.yarnpkg.com/core-js/-/core-js-1.2.7.tgz#652294c14651db28fa93bd2d5ff2983a4f08c636"

debug@^2.2.0:
  version "2.6.1"
  resolved "https://registry.yarnpkg.com/debug/-/debug-2.6.1.tgz#79855090ba2c4e3115cc7d8769491d58f0491351"
  dependencies:
    ms "0.7.2"

follow-redirects@0.0.7:
  version "0.0.7"
  resolved "https://registry.yarnpkg.com/follow-redirects/-/follow-redirects-0.0.7.tgz#34b90bab2a911aa347571da90f22bd36ecd8a919"
  dependencies:
    debug "^2.2.0"
    stream-consume "^0.1.0"

json-stringify-safe@~5.0.1:
  version "5.0.1"
  resolved "https://registry.yarnpkg.com/json-stringify-safe/-/json-stringify-safe-5.0.1.tgz#1296a2d58fd45f19a0f6ce01d65701e2c735b6eb"

lodash@^4.2.0, lodash@~4.2.0:
  version "4.2.1"
  resolved "https://registry.yarnpkg.com/lodash/-/lodash-4.2.1.tgz#171fdcfbbc30d689c544cd18c0529f56de6c1aa9"

ms@0.7.2:
  version "0.7.2"
  resolved "https://registry.yarnpkg.com/ms/-/ms-0.7.2.tgz#ae25cf2512b3885a1d95d7f037868d8431124765"

qs@^6.1.0:
  version "6.3.1"
  resolved "https://registry.yarnpkg.com/qs/-/qs-6.3.1.tgz#918c0b3bcd36679772baf135b1acb4c1651ed79d"

stream-consume@^0.1.0:
  version "0.1.0"
  resolved "https://registry.yarnpkg.com/stream-consume/-/stream-consume-0.1.0.tgz#a41ead1a6d6081ceb79f65b061901b6d8f3d1d0f"
